
Microsoft Visual Studio Solution File, Format Version 12.00
# Visual Studio Version 17
VisualStudioVersion = 17.7.34024.191
MinimumVisualStudioVersion = 10.0.40219.1
Project("{FAE04EC0-301F-11D3-BF4B-00C04F79EFBC}") = "Milestone5-selenium", "Milestone5-selenium\Milestone5-selenium.csproj", "{575670A0-EB99-4F22-8A35-BC8163799F57}"
EndProject
Global
	GlobalSection(SolutionConfigurationPlatforms) = preSolution
		Debug|Any CPU = Debug|Any CPU
		Release|Any CPU = Release|Any CPU
	EndGlobalSection
	GlobalSection(ProjectConfigurationPlatforms) = postSolution
		{575670A0-EB99-4F22-8A35-BC8163799F57}.Debug|Any CPU.ActiveCfg = Debug|Any CPU
		{575670A0-EB99-4F22-8A35-BC8163799F57}.Debug|Any CPU.Build.0 = Debug|Any CPU
		{575670A0-EB99-4F22-8A35-BC8163799F57}.Release|Any CPU.ActiveCfg = Release|Any CPU
		{575670A0-EB99-4F22-8A35-BC8163799F57}.Release|Any CPU.Build.0 = Release|Any CPU
	EndGlobalSection
	GlobalSection(SolutionProperties) = preSolution
		HideSolutionNode = FALSE
	EndGlobalSection
	GlobalSection(ExtensibilityGlobals) = postSolution
		SolutionGuid = {4D6ED71F-C716-46E8-AA49-ADD4BC77457B}
	EndGlobalSection
EndGlobal
