
Microsoft Visual Studio Solution File, Format Version 12.00
# Visual Studio Version 17
VisualStudioVersion = 17.7.34024.191
MinimumVisualStudioVersion = 10.0.40219.1
Project("{FAE04EC0-301F-11D3-BF4B-00C04F79EFBC}") = "PageObjectModelDemo", "PageObjectModelDemo\PageObjectModelDemo.csproj", "{4E39F989-16A6-4DCB-A5E7-1BADC2487022}"
EndProject
Global
	GlobalSection(SolutionConfigurationPlatforms) = preSolution
		Debug|Any CPU = Debug|Any CPU
		Release|Any CPU = Release|Any CPU
	EndGlobalSection
	GlobalSection(ProjectConfigurationPlatforms) = postSolution
		{4E39F989-16A6-4DCB-A5E7-1BADC2487022}.Debug|Any CPU.ActiveCfg = Debug|Any CPU
		{4E39F989-16A6-4DCB-A5E7-1BADC2487022}.Debug|Any CPU.Build.0 = Debug|Any CPU
		{4E39F989-16A6-4DCB-A5E7-1BADC2487022}.Release|Any CPU.ActiveCfg = Release|Any CPU
		{4E39F989-16A6-4DCB-A5E7-1BADC2487022}.Release|Any CPU.Build.0 = Release|Any CPU
	EndGlobalSection
	GlobalSection(SolutionProperties) = preSolution
		HideSolutionNode = FALSE
	EndGlobalSection
	GlobalSection(ExtensibilityGlobals) = postSolution
		SolutionGuid = {1F90B845-865A-486A-8036-2F438FF46FBF}
	EndGlobalSection
EndGlobal
